// !$*UTF8*$!
{
	archiveVersion = 1;
	classes = {
	};
	objectVersion = 46;
	objects = {

/* Begin PBXBuildFile section */
		94051CC819994D020070A485 /* Crashlytics.framework in Frameworks */ = {isa = PBXBuildFile; fileRef = 94051CC719994D020070A485 /* Crashlytics.framework */; };
		9430F4971999832D0058B043 /* PinPad Pad.png in Resources */ = {isa = PBXBuildFile; fileRef = 9430F4961999832D0058B043 /* PinPad Pad.png */; };
		944FF19B199EA8A200EA07BA /* Scanning Line.png in Resources */ = {isa = PBXBuildFile; fileRef = 944FF19A199EA8A200EA07BA /* Scanning Line.png */; };
		94A5EC39199F8D1C00402CE3 /* MainServiceViewController.m in Sources */ = {isa = PBXBuildFile; fileRef = 94A5EC38199F8D1C00402CE3 /* MainServiceViewController.m */; };
		94A5EC3C199F9D4E00402CE3 /* Balance PreView.png in Resources */ = {isa = PBXBuildFile; fileRef = 94A5EC3A199F9D4E00402CE3 /* Balance PreView.png */; };
		94A5EC3D199F9D4E00402CE3 /* WireTRansfer Preview 2.png in Resources */ = {isa = PBXBuildFile; fileRef = 94A5EC3B199F9D4E00402CE3 /* WireTRansfer Preview 2.png */; };
		94A5EC3F199FC7B200402CE3 /* Select Item.png in Resources */ = {isa = PBXBuildFile; fileRef = 94A5EC3E199FC7B200402CE3 /* Select Item.png */; };
		94ACEF0A1997C793003B7244 /* Foundation.framework in Frameworks */ = {isa = PBXBuildFile; fileRef = 94ACEF091997C793003B7244 /* Foundation.framework */; };
		94ACEF0C1997C793003B7244 /* CoreGraphics.framework in Frameworks */ = {isa = PBXBuildFile; fileRef = 94ACEF0B1997C793003B7244 /* CoreGraphics.framework */; };
		94ACEF0E1997C793003B7244 /* UIKit.framework in Frameworks */ = {isa = PBXBuildFile; fileRef = 94ACEF0D1997C793003B7244 /* UIKit.framework */; };
		94ACEF141997C793003B7244 /* InfoPlist.strings in Resources */ = {isa = PBXBuildFile; fileRef = 94ACEF121997C793003B7244 /* InfoPlist.strings */; };
		94ACEF161997C793003B7244 /* main.m in Sources */ = {isa = PBXBuildFile; fileRef = 94ACEF151997C793003B7244 /* main.m */; };
		94ACEF1A1997C793003B7244 /* AppDelegate.m in Sources */ = {isa = PBXBuildFile; fileRef = 94ACEF191997C793003B7244 /* AppDelegate.m */; };
		94ACEF1D1997C793003B7244 /* Main.storyboard in Resources */ = {isa = PBXBuildFile; fileRef = 94ACEF1B1997C793003B7244 /* Main.storyboard */; };
		94ACEF201997C793003B7244 /* ViewController.m in Sources */ = {isa = PBXBuildFile; fileRef = 94ACEF1F1997C793003B7244 /* ViewController.m */; };
		94ACEF221997C793003B7244 /* Images.xcassets in Resources */ = {isa = PBXBuildFile; fileRef = 94ACEF211997C793003B7244 /* Images.xcassets */; };
		94ACEF291997C793003B7244 /* XCTest.framework in Frameworks */ = {isa = PBXBuildFile; fileRef = 94ACEF281997C793003B7244 /* XCTest.framework */; };
		94ACEF2A1997C793003B7244 /* Foundation.framework in Frameworks */ = {isa = PBXBuildFile; fileRef = 94ACEF091997C793003B7244 /* Foundation.framework */; };
		94ACEF2B1997C793003B7244 /* UIKit.framework in Frameworks */ = {isa = PBXBuildFile; fileRef = 94ACEF0D1997C793003B7244 /* UIKit.framework */; };
		94ACEF331997C793003B7244 /* InfoPlist.strings in Resources */ = {isa = PBXBuildFile; fileRef = 94ACEF311997C793003B7244 /* InfoPlist.strings */; };
		94ACEF351997C793003B7244 /* eTIS_BankTests.m in Sources */ = {isa = PBXBuildFile; fileRef = 94ACEF341997C793003B7244 /* eTIS_BankTests.m */; };
		94C958B7199AD8BE007D6238 /* Backspace Icon.png in Resources */ = {isa = PBXBuildFile; fileRef = 94C958B4199AD8BE007D6238 /* Backspace Icon.png */; };
		94C958B8199AD8BE007D6238 /* Login Background.png in Resources */ = {isa = PBXBuildFile; fileRef = 94C958B5199AD8BE007D6238 /* Login Background.png */; };
		94C958B9199AD8BE007D6238 /* Pin Pad Icon.png in Resources */ = {isa = PBXBuildFile; fileRef = 94C958B6199AD8BE007D6238 /* Pin Pad Icon.png */; };
		94C958BE199B8346007D6238 /* MyAuthSelectorViewController.m in Sources */ = {isa = PBXBuildFile; fileRef = 94C958BD199B8346007D6238 /* MyAuthSelectorViewController.m */; };
		94C958C1199B83FB007D6238 /* MyPinAuthViewController.m in Sources */ = {isa = PBXBuildFile; fileRef = 94C958C0199B83FB007D6238 /* MyPinAuthViewController.m */; };
		94C958C4199B8431007D6238 /* MyFaceAuthViewController.m in Sources */ = {isa = PBXBuildFile; fileRef = 94C958C3199B8431007D6238 /* MyFaceAuthViewController.m */; };
		94C958C6199BB4DD007D6238 /* FaceOverlay.png in Resources */ = {isa = PBXBuildFile; fileRef = 94C958C5199BB4DD007D6238 /* FaceOverlay.png */; };
		94C958C8199BB7E0007D6238 /* FaceOverlayDetected.png in Resources */ = {isa = PBXBuildFile; fileRef = 94C958C7199BB7E0007D6238 /* FaceOverlayDetected.png */; };
		94FAB2881997C8200087263F /* eTIS-Bank App Icon.png in Resources */ = {isa = PBXBuildFile; fileRef = 94FAB2871997C8200087263F /* eTIS-Bank App Icon.png */; };
		94FAB28D1997CA740087263F /* Background + Rectangle 7 + Your Bank.png in Resources */ = {isa = PBXBuildFile; fileRef = 94FAB2891997CA740087263F /* Background + Rectangle 7 + Your Bank.png */; };
		94FAB28E1997CA740087263F /* Line.png in Resources */ = {isa = PBXBuildFile; fileRef = 94FAB28A1997CA740087263F /* Line.png */; };
		94FAB28F1997CA740087263F /* Login Button.png in Resources */ = {isa = PBXBuildFile; fileRef = 94FAB28B1997CA740087263F /* Login Button.png */; };
		94FAB2901997CA740087263F /* Open Account Button.png in Resources */ = {isa = PBXBuildFile; fileRef = 94FAB28C1997CA740087263F /* Open Account Button.png */; };
		94FAB2931997DBFB0087263F /* OpenAccountPresentationViewController.m in Sources */ = {isa = PBXBuildFile; fileRef = 94FAB2921997DBFB0087263F /* OpenAccountPresentationViewController.m */; };
		94FAB29B1997E3080087263F /* AccountOpeningPresentation1.png in Resources */ = {isa = PBXBuildFile; fileRef = 94FAB2971997E3080087263F /* AccountOpeningPresentation1.png */; };
		94FAB29C1997E3080087263F /* AccountOpeningPresentation2.png in Resources */ = {isa = PBXBuildFile; fileRef = 94FAB2981997E3080087263F /* AccountOpeningPresentation2.png */; };
		94FAB29D1997E3080087263F /* AccountOpeningPresentation3.png in Resources */ = {isa = PBXBuildFile; fileRef = 94FAB2991997E3080087263F /* AccountOpeningPresentation3.png */; };
		94FAB29E1997E3080087263F /* AccountOpeningPresentation4.png in Resources */ = {isa = PBXBuildFile; fileRef = 94FAB29A1997E3080087263F /* AccountOpeningPresentation4.png */; };
		94FAB2A1199801920087263F /* OpenAccountRootViewController.m in Sources */ = {isa = PBXBuildFile; fileRef = 94FAB2A0199801920087263F /* OpenAccountRootViewController.m */; };
/* End PBXBuildFile section */

/* Begin PBXContainerItemProxy section */
		94ACEF2C1997C793003B7244 /* PBXContainerItemProxy */ = {
			isa = PBXContainerItemProxy;
			containerPortal = 94ACEEFE1997C793003B7244 /* Project object */;
			proxyType = 1;
			remoteGlobalIDString = 94ACEF051997C793003B7244;
			remoteInfo = "eTIS-Bank";
		};
/* End PBXContainerItemProxy section */

/* Begin PBXFileReference section */
		94051CC719994D020070A485 /* Crashlytics.framework */ = {isa = PBXFileReference; lastKnownFileType = wrapper.framework; path = Crashlytics.framework; sourceTree = "<group>"; };
		9430F4961999832D0058B043 /* PinPad Pad.png */ = {isa = PBXFileReference; lastKnownFileType = image.png; path = "PinPad Pad.png"; sourceTree = "<group>"; };
		944FF19A199EA8A200EA07BA /* Scanning Line.png */ = {isa = PBXFileReference; lastKnownFileType = image.png; path = "Scanning Line.png"; sourceTree = "<group>"; };
		94A5EC37199F8D1C00402CE3 /* MainServiceViewController.h */ = {isa = PBXFileReference; fileEncoding = 4; lastKnownFileType = sourcecode.c.h; path = MainServiceViewController.h; sourceTree = "<group>"; };
		94A5EC38199F8D1C00402CE3 /* MainServiceViewController.m */ = {isa = PBXFileReference; fileEncoding = 4; lastKnownFileType = sourcecode.c.objc; path = MainServiceViewController.m; sourceTree = "<group>"; };
		94A5EC3A199F9D4E00402CE3 /* Balance PreView.png */ = {isa = PBXFileReference; lastKnownFileType = image.png; path = "Balance PreView.png"; sourceTree = "<group>"; };
		94A5EC3B199F9D4E00402CE3 /* WireTRansfer Preview 2.png */ = {isa = PBXFileReference; lastKnownFileType = image.png; path = "WireTRansfer Preview 2.png"; sourceTree = "<group>"; };
		94A5EC3E199FC7B200402CE3 /* Select Item.png */ = {isa = PBXFileReference; lastKnownFileType = image.png; path = "Select Item.png"; sourceTree = "<group>"; };
		94ACEF061997C793003B7244 /* eTIS-Bank.app */ = {isa = PBXFileReference; explicitFileType = wrapper.application; includeInIndex = 0; path = "eTIS-Bank.app"; sourceTree = BUILT_PRODUCTS_DIR; };
		94ACEF091997C793003B7244 /* Foundation.framework */ = {isa = PBXFileReference; lastKnownFileType = wrapper.framework; name = Foundation.framework; path = System/Library/Frameworks/Foundation.framework; sourceTree = SDKROOT; };
		94ACEF0B1997C793003B7244 /* CoreGraphics.framework */ = {isa = PBXFileReference; lastKnownFileType = wrapper.framework; name = CoreGraphics.framework; path = System/Library/Frameworks/CoreGraphics.framework; sourceTree = SDKROOT; };
		94ACEF0D1997C793003B7244 /* UIKit.framework */ = {isa = PBXFileReference; lastKnownFileType = wrapper.framework; name = UIKit.framework; path = System/Library/Frameworks/UIKit.framework; sourceTree = SDKROOT; };
		94ACEF111997C793003B7244 /* eTIS-Bank-Info.plist */ = {isa = PBXFileReference; lastKnownFileType = text.plist.xml; path = "eTIS-Bank-Info.plist"; sourceTree = "<group>"; };
		94ACEF131997C793003B7244 /* en */ = {isa = PBXFileReference; lastKnownFileType = text.plist.strings; name = en; path = en.lproj/InfoPlist.strings; sourceTree = "<group>"; };
		94ACEF151997C793003B7244 /* main.m */ = {isa = PBXFileReference; lastKnownFileType = sourcecode.c.objc; path = main.m; sourceTree = "<group>"; };
		94ACEF171997C793003B7244 /* eTIS-Bank-Prefix.pch */ = {isa = PBXFileReference; lastKnownFileType = sourcecode.c.h; path = "eTIS-Bank-Prefix.pch"; sourceTree = "<group>"; };
		94ACEF181997C793003B7244 /* AppDelegate.h */ = {isa = PBXFileReference; lastKnownFileType = sourcecode.c.h; path = AppDelegate.h; sourceTree = "<group>"; };
		94ACEF191997C793003B7244 /* AppDelegate.m */ = {isa = PBXFileReference; lastKnownFileType = sourcecode.c.objc; path = AppDelegate.m; sourceTree = "<group>"; };
		94ACEF1C1997C793003B7244 /* Base */ = {isa = PBXFileReference; lastKnownFileType = file.storyboard; name = Base; path = Base.lproj/Main.storyboard; sourceTree = "<group>"; };
		94ACEF1E1997C793003B7244 /* ViewController.h */ = {isa = PBXFileReference; lastKnownFileType = sourcecode.c.h; path = ViewController.h; sourceTree = "<group>"; };
		94ACEF1F1997C793003B7244 /* ViewController.m */ = {isa = PBXFileReference; lastKnownFileType = sourcecode.c.objc; path = ViewController.m; sourceTree = "<group>"; };
		94ACEF211997C793003B7244 /* Images.xcassets */ = {isa = PBXFileReference; lastKnownFileType = folder.assetcatalog; path = Images.xcassets; sourceTree = "<group>"; };
		94ACEF271997C793003B7244 /* eTIS-BankTests.xctest */ = {isa = PBXFileReference; explicitFileType = wrapper.cfbundle; includeInIndex = 0; path = "eTIS-BankTests.xctest"; sourceTree = BUILT_PRODUCTS_DIR; };
		94ACEF281997C793003B7244 /* XCTest.framework */ = {isa = PBXFileReference; lastKnownFileType = wrapper.framework; name = XCTest.framework; path = Library/Frameworks/XCTest.framework; sourceTree = DEVELOPER_DIR; };
		94ACEF301997C793003B7244 /* eTIS-BankTests-Info.plist */ = {isa = PBXFileReference; lastKnownFileType = text.plist.xml; path = "eTIS-BankTests-Info.plist"; sourceTree = "<group>"; };
		94ACEF321997C793003B7244 /* en */ = {isa = PBXFileReference; lastKnownFileType = text.plist.strings; name = en; path = en.lproj/InfoPlist.strings; sourceTree = "<group>"; };
		94ACEF341997C793003B7244 /* eTIS_BankTests.m */ = {isa = PBXFileReference; lastKnownFileType = sourcecode.c.objc; path = eTIS_BankTests.m; sourceTree = "<group>"; };
		94C958B4199AD8BE007D6238 /* Backspace Icon.png */ = {isa = PBXFileReference; lastKnownFileType = image.png; path = "Backspace Icon.png"; sourceTree = "<group>"; };
		94C958B5199AD8BE007D6238 /* Login Background.png */ = {isa = PBXFileReference; lastKnownFileType = image.png; path = "Login Background.png"; sourceTree = "<group>"; };
		94C958B6199AD8BE007D6238 /* Pin Pad Icon.png */ = {isa = PBXFileReference; lastKnownFileType = image.png; path = "Pin Pad Icon.png"; sourceTree = "<group>"; };
		94C958BC199B8346007D6238 /* MyAuthSelectorViewController.h */ = {isa = PBXFileReference; fileEncoding = 4; lastKnownFileType = sourcecode.c.h; path = MyAuthSelectorViewController.h; sourceTree = "<group>"; };
		94C958BD199B8346007D6238 /* MyAuthSelectorViewController.m */ = {isa = PBXFileReference; fileEncoding = 4; lastKnownFileType = sourcecode.c.objc; path = MyAuthSelectorViewController.m; sourceTree = "<group>"; };
		94C958BF199B83FB007D6238 /* MyPinAuthViewController.h */ = {isa = PBXFileReference; fileEncoding = 4; lastKnownFileType = sourcecode.c.h; path = MyPinAuthViewController.h; sourceTree = "<group>"; };
		94C958C0199B83FB007D6238 /* MyPinAuthViewController.m */ = {isa = PBXFileReference; fileEncoding = 4; lastKnownFileType = sourcecode.c.objc; path = MyPinAuthViewController.m; sourceTree = "<group>"; };
		94C958C2199B8431007D6238 /* MyFaceAuthViewController.h */ = {isa = PBXFileReference; fileEncoding = 4; lastKnownFileType = sourcecode.c.h; path = MyFaceAuthViewController.h; sourceTree = "<group>"; };
		94C958C3199B8431007D6238 /* MyFaceAuthViewController.m */ = {isa = PBXFileReference; fileEncoding = 4; lastKnownFileType = sourcecode.c.objc; path = MyFaceAuthViewController.m; sourceTree = "<group>"; };
		94C958C5199BB4DD007D6238 /* FaceOverlay.png */ = {isa = PBXFileReference; lastKnownFileType = image.png; path = FaceOverlay.png; sourceTree = "<group>"; };
		94C958C7199BB7E0007D6238 /* FaceOverlayDetected.png */ = {isa = PBXFileReference; lastKnownFileType = image.png; path = FaceOverlayDetected.png; sourceTree = "<group>"; };
		94FAB2871997C8200087263F /* eTIS-Bank App Icon.png */ = {isa = PBXFileReference; lastKnownFileType = image.png; path = "eTIS-Bank App Icon.png"; sourceTree = "<group>"; };
		94FAB2891997CA740087263F /* Background + Rectangle 7 + Your Bank.png */ = {isa = PBXFileReference; lastKnownFileType = image.png; path = "Background + Rectangle 7 + Your Bank.png"; sourceTree = "<group>"; };
		94FAB28A1997CA740087263F /* Line.png */ = {isa = PBXFileReference; lastKnownFileType = image.png; path = Line.png; sourceTree = "<group>"; };
		94FAB28B1997CA740087263F /* Login Button.png */ = {isa = PBXFileReference; lastKnownFileType = image.png; path = "Login Button.png"; sourceTree = "<group>"; };
		94FAB28C1997CA740087263F /* Open Account Button.png */ = {isa = PBXFileReference; lastKnownFileType = image.png; path = "Open Account Button.png"; sourceTree = "<group>"; };
		94FAB2911997DBFB0087263F /* OpenAccountPresentationViewController.h */ = {isa = PBXFileReference; fileEncoding = 4; lastKnownFileType = sourcecode.c.h; path = OpenAccountPresentationViewController.h; sourceTree = "<group>"; };
		94FAB2921997DBFB0087263F /* OpenAccountPresentationViewController.m */ = {isa = PBXFileReference; fileEncoding = 4; lastKnownFileType = sourcecode.c.objc; path = OpenAccountPresentationViewController.m; sourceTree = "<group>"; };
		94FAB2971997E3080087263F /* AccountOpeningPresentation1.png */ = {isa = PBXFileReference; lastKnownFileType = image.png; path = AccountOpeningPresentation1.png; sourceTree = "<group>"; };
		94FAB2981997E3080087263F /* AccountOpeningPresentation2.png */ = {isa = PBXFileReference; lastKnownFileType = image.png; path = AccountOpeningPresentation2.png; sourceTree = "<group>"; };
		94FAB2991997E3080087263F /* AccountOpeningPresentation3.png */ = {isa = PBXFileReference; lastKnownFileType = image.png; path = AccountOpeningPresentation3.png; sourceTree = "<group>"; };
		94FAB29A1997E3080087263F /* AccountOpeningPresentation4.png */ = {isa = PBXFileReference; lastKnownFileType = image.png; path = AccountOpeningPresentation4.png; sourceTree = "<group>"; };
		94FAB29F199801920087263F /* OpenAccountRootViewController.h */ = {isa = PBXFileReference; fileEncoding = 4; lastKnownFileType = sourcecode.c.h; path = OpenAccountRootViewController.h; sourceTree = "<group>"; };
		94FAB2A0199801920087263F /* OpenAccountRootViewController.m */ = {isa = PBXFileReference; fileEncoding = 4; lastKnownFileType = sourcecode.c.objc; path = OpenAccountRootViewController.m; sourceTree = "<group>"; };
/* End PBXFileReference section */

/* Begin PBXFrameworksBuildPhase section */
		94ACEF031997C793003B7244 /* Frameworks */ = {
			isa = PBXFrameworksBuildPhase;
			buildActionMask = 2147483647;
			files = (
				94051CC819994D020070A485 /* Crashlytics.framework in Frameworks */,
				94ACEF0C1997C793003B7244 /* CoreGraphics.framework in Frameworks */,
				94ACEF0E1997C793003B7244 /* UIKit.framework in Frameworks */,
				94ACEF0A1997C793003B7244 /* Foundation.framework in Frameworks */,
			);
			runOnlyForDeploymentPostprocessing = 0;
		};
		94ACEF241997C793003B7244 /* Frameworks */ = {
			isa = PBXFrameworksBuildPhase;
			buildActionMask = 2147483647;
			files = (
				94ACEF291997C793003B7244 /* XCTest.framework in Frameworks */,
				94ACEF2B1997C793003B7244 /* UIKit.framework in Frameworks */,
				94ACEF2A1997C793003B7244 /* Foundation.framework in Frameworks */,
			);
			runOnlyForDeploymentPostprocessing = 0;
		};
/* End PBXFrameworksBuildPhase section */

/* Begin PBXGroup section */
		94ACEEFD1997C793003B7244 = {
			isa = PBXGroup;
			children = (
				94ACEF0F1997C793003B7244 /* eTIS-Bank */,
				94ACEF2E1997C793003B7244 /* eTIS-BankTests */,
				94ACEF081997C793003B7244 /* Frameworks */,
				94ACEF071997C793003B7244 /* Products */,
			);
			sourceTree = "<group>";
		};
		94ACEF071997C793003B7244 /* Products */ = {
			isa = PBXGroup;
			children = (
				94ACEF061997C793003B7244 /* eTIS-Bank.app */,
				94ACEF271997C793003B7244 /* eTIS-BankTests.xctest */,
			);
			name = Products;
			sourceTree = "<group>";
		};
		94ACEF081997C793003B7244 /* Frameworks */ = {
			isa = PBXGroup;
			children = (
				94051CC719994D020070A485 /* Crashlytics.framework */,
				94ACEF091997C793003B7244 /* Foundation.framework */,
				94ACEF0B1997C793003B7244 /* CoreGraphics.framework */,
				94ACEF0D1997C793003B7244 /* UIKit.framework */,
				94ACEF281997C793003B7244 /* XCTest.framework */,
			);
			name = Frameworks;
			sourceTree = "<group>";
		};
		94ACEF0F1997C793003B7244 /* eTIS-Bank */ = {
			isa = PBXGroup;
			children = (
				94ACEF181997C793003B7244 /* AppDelegate.h */,
				94ACEF191997C793003B7244 /* AppDelegate.m */,
				94FAB29F199801920087263F /* OpenAccountRootViewController.h */,
				94FAB2A0199801920087263F /* OpenAccountRootViewController.m */,
				94ACEF1B1997C793003B7244 /* Main.storyboard */,
				94A5EC37199F8D1C00402CE3 /* MainServiceViewController.h */,
				94A5EC38199F8D1C00402CE3 /* MainServiceViewController.m */,
				94C958C2199B8431007D6238 /* MyFaceAuthViewController.h */,
				94C958C3199B8431007D6238 /* MyFaceAuthViewController.m */,
				94C958BF199B83FB007D6238 /* MyPinAuthViewController.h */,
				94C958C0199B83FB007D6238 /* MyPinAuthViewController.m */,
				94C958BC199B8346007D6238 /* MyAuthSelectorViewController.h */,
				94C958BD199B8346007D6238 /* MyAuthSelectorViewController.m */,
				94ACEF1E1997C793003B7244 /* ViewController.h */,
				94ACEF1F1997C793003B7244 /* ViewController.m */,
				94FAB2911997DBFB0087263F /* OpenAccountPresentationViewController.h */,
				94FAB2921997DBFB0087263F /* OpenAccountPresentationViewController.m */,
				94ACEF211997C793003B7244 /* Images.xcassets */,
				94ACEF101997C793003B7244 /* Supporting Files */,
			);
			path = "eTIS-Bank";
			sourceTree = "<group>";
		};
		94ACEF101997C793003B7244 /* Supporting Files */ = {
			isa = PBXGroup;
			children = (
				944FF19A199EA8A200EA07BA /* Scanning Line.png */,
				94FAB2971997E3080087263F /* AccountOpeningPresentation1.png */,
				94FAB2981997E3080087263F /* AccountOpeningPresentation2.png */,
				94FAB2991997E3080087263F /* AccountOpeningPresentation3.png */,
				94FAB29A1997E3080087263F /* AccountOpeningPresentation4.png */,
				94A5EC3E199FC7B200402CE3 /* Select Item.png */,
				94A5EC3A199F9D4E00402CE3 /* Balance PreView.png */,
				94A5EC3B199F9D4E00402CE3 /* WireTRansfer Preview 2.png */,
				94C958C5199BB4DD007D6238 /* FaceOverlay.png */,
				94C958C7199BB7E0007D6238 /* FaceOverlayDetected.png */,
				94C958B4199AD8BE007D6238 /* Backspace Icon.png */,
				94C958B5199AD8BE007D6238 /* Login Background.png */,
				94C958B6199AD8BE007D6238 /* Pin Pad Icon.png */,
				9430F4961999832D0058B043 /* PinPad Pad.png */,
				94FAB2891997CA740087263F /* Background + Rectangle 7 + Your Bank.png */,
				94FAB28A1997CA740087263F /* Line.png */,
				94FAB28B1997CA740087263F /* Login Button.png */,
				94FAB28C1997CA740087263F /* Open Account Button.png */,
				94FAB2871997C8200087263F /* eTIS-Bank App Icon.png */,
				94ACEF111997C793003B7244 /* eTIS-Bank-Info.plist */,
				94ACEF121997C793003B7244 /* InfoPlist.strings */,
				94ACEF151997C793003B7244 /* main.m */,
				94ACEF171997C793003B7244 /* eTIS-Bank-Prefix.pch */,
			);
			name = "Supporting Files";
			sourceTree = "<group>";
		};
		94ACEF2E1997C793003B7244 /* eTIS-BankTests */ = {
			isa = PBXGroup;
			children = (
				94ACEF341997C793003B7244 /* eTIS_BankTests.m */,
				94ACEF2F1997C793003B7244 /* Supporting Files */,
			);
			path = "eTIS-BankTests";
			sourceTree = "<group>";
		};
		94ACEF2F1997C793003B7244 /* Supporting Files */ = {
			isa = PBXGroup;
			children = (
				94ACEF301997C793003B7244 /* eTIS-BankTests-Info.plist */,
				94ACEF311997C793003B7244 /* InfoPlist.strings */,
			);
			name = "Supporting Files";
			sourceTree = "<group>";
		};
/* End PBXGroup section */

/* Begin PBXNativeTarget section */
		94ACEF051997C793003B7244 /* eTIS-Bank */ = {
			isa = PBXNativeTarget;
			buildConfigurationList = 94ACEF381997C793003B7244 /* Build configuration list for PBXNativeTarget "eTIS-Bank" */;
			buildPhases = (
				94ACEF021997C793003B7244 /* Sources */,
				94ACEF031997C793003B7244 /* Frameworks */,
				94ACEF041997C793003B7244 /* Resources */,
				94051CC619994CCB0070A485 /* ShellScript */,
			);
			buildRules = (
			);
			dependencies = (
			);
			name = "eTIS-Bank";
			productName = "eTIS-Bank";
			productReference = 94ACEF061997C793003B7244 /* eTIS-Bank.app */;
			productType = "com.apple.product-type.application";
		};
		94ACEF261997C793003B7244 /* eTIS-BankTests */ = {
			isa = PBXNativeTarget;
			buildConfigurationList = 94ACEF3B1997C793003B7244 /* Build configuration list for PBXNativeTarget "eTIS-BankTests" */;
			buildPhases = (
				94ACEF231997C793003B7244 /* Sources */,
				94ACEF241997C793003B7244 /* Frameworks */,
				94ACEF251997C793003B7244 /* Resources */,
			);
			buildRules = (
			);
			dependencies = (
				94ACEF2D1997C793003B7244 /* PBXTargetDependency */,
			);
			name = "eTIS-BankTests";
			productName = "eTIS-BankTests";
			productReference = 94ACEF271997C793003B7244 /* eTIS-BankTests.xctest */;
			productType = "com.apple.product-type.bundle.unit-test";
		};
/* End PBXNativeTarget section */

/* Begin PBXProject section */
		94ACEEFE1997C793003B7244 /* Project object */ = {
			isa = PBXProject;
			attributes = {
				LastUpgradeCheck = 0510;
				ORGANIZATIONNAME = "Rodolphe Hugel";
				TargetAttributes = {
					94ACEF051997C793003B7244 = {
						DevelopmentTeam = 475ZG6KR4B;
					};
					94ACEF261997C793003B7244 = {
						TestTargetID = 94ACEF051997C793003B7244;
					};
				};
			};
			buildConfigurationList = 94ACEF011997C793003B7244 /* Build configuration list for PBXProject "eTIS-Bank" */;
			compatibilityVersion = "Xcode 3.2";
			developmentRegion = English;
			hasScannedForEncodings = 0;
			knownRegions = (
				en,
				Base,
			);
			mainGroup = 94ACEEFD1997C793003B7244;
			productRefGroup = 94ACEF071997C793003B7244 /* Products */;
			projectDirPath = "";
			projectRoot = "";
			targets = (
				94ACEF051997C793003B7244 /* eTIS-Bank */,
				94ACEF261997C793003B7244 /* eTIS-BankTests */,
			);
		};
/* End PBXProject section */

/* Begin PBXResourcesBuildPhase section */
		94ACEF041997C793003B7244 /* Resources */ = {
			isa = PBXResourcesBuildPhase;
			buildActionMask = 2147483647;
			files = (
				94A5EC3D199F9D4E00402CE3 /* WireTRansfer Preview 2.png in Resources */,
				94FAB29B1997E3080087263F /* AccountOpeningPresentation1.png in Resources */,
				94FAB29C1997E3080087263F /* AccountOpeningPresentation2.png in Resources */,
				94A5EC3F199FC7B200402CE3 /* Select Item.png in Resources */,
				94FAB28F1997CA740087263F /* Login Button.png in Resources */,
				944FF19B199EA8A200EA07BA /* Scanning Line.png in Resources */,
				94FAB28D1997CA740087263F /* Background + Rectangle 7 + Your Bank.png in Resources */,
				94ACEF221997C793003B7244 /* Images.xcassets in Resources */,
				94A5EC3C199F9D4E00402CE3 /* Balance PreView.png in Resources */,
				94C958B7199AD8BE007D6238 /* Backspace Icon.png in Resources */,
				94FAB2881997C8200087263F /* eTIS-Bank App Icon.png in Resources */,
				9430F4971999832D0058B043 /* PinPad Pad.png in Resources */,
				94C958B9199AD8BE007D6238 /* Pin Pad Icon.png in Resources */,
				94C958C6199BB4DD007D6238 /* FaceOverlay.png in Resources */,
				94FAB28E1997CA740087263F /* Line.png in Resources */,
				94FAB2901997CA740087263F /* Open Account Button.png in Resources */,
				94ACEF141997C793003B7244 /* InfoPlist.strings in Resources */,
				94ACEF1D1997C793003B7244 /* Main.storyboard in Resources */,
				94FAB29D1997E3080087263F /* AccountOpeningPresentation3.png in Resources */,
				94C958C8199BB7E0007D6238 /* FaceOverlayDetected.png in Resources */,
				94FAB29E1997E3080087263F /* AccountOpeningPresentation4.png in Resources */,
				94C958B8199AD8BE007D6238 /* Login Background.png in Resources */,
			);
			runOnlyForDeploymentPostprocessing = 0;
		};
		94ACEF251997C793003B7244 /* Resources */ = {
			isa = PBXResourcesBuildPhase;
			buildActionMask = 2147483647;
			files = (
				94ACEF331997C793003B7244 /* InfoPlist.strings in Resources */,
			);
			runOnlyForDeploymentPostprocessing = 0;
		};
/* End PBXResourcesBuildPhase section */

/* Begin PBXShellScriptBuildPhase section */
		94051CC619994CCB0070A485 /* ShellScript */ = {
			isa = PBXShellScriptBuildPhase;
			buildActionMask = 2147483647;
			files = (
			);
			inputPaths = (
			);
			outputPaths = (
			);
			runOnlyForDeploymentPostprocessing = 0;
			shellPath = /bin/sh;
			shellScript = "./Crashlytics.framework/run 93c2ce41cb7d31a41ce5e12b746468bfed77acfd cbe41a0b184807e38507547861855397958a391952f1b13c3b0c4f767317f7dd";
		};
/* End PBXShellScriptBuildPhase section */

/* Begin PBXSourcesBuildPhase section */
		94ACEF021997C793003B7244 /* Sources */ = {
			isa = PBXSourcesBuildPhase;
			buildActionMask = 2147483647;
			files = (
				94FAB2931997DBFB0087263F /* OpenAccountPresentationViewController.m in Sources */,
				94A5EC39199F8D1C00402CE3 /* MainServiceViewController.m in Sources */,
				94ACEF201997C793003B7244 /* ViewController.m in Sources */,
				94ACEF1A1997C793003B7244 /* AppDelegate.m in Sources */,
				94C958C4199B8431007D6238 /* MyFaceAuthViewController.m in Sources */,
				94C958C1199B83FB007D6238 /* MyPinAuthViewController.m in Sources */,
				94C958BE199B8346007D6238 /* MyAuthSelectorViewController.m in Sources */,
				94ACEF161997C793003B7244 /* main.m in Sources */,
				94FAB2A1199801920087263F /* OpenAccountRootViewController.m in Sources */,
			);
			runOnlyForDeploymentPostprocessing = 0;
		};
		94ACEF231997C793003B7244 /* Sources */ = {
			isa = PBXSourcesBuildPhase;
			buildActionMask = 2147483647;
			files = (
				94ACEF351997C793003B7244 /* eTIS_BankTests.m in Sources */,
			);
			runOnlyForDeploymentPostprocessing = 0;
		};
/* End PBXSourcesBuildPhase section */

/* Begin PBXTargetDependency section */
		94ACEF2D1997C793003B7244 /* PBXTargetDependency */ = {
			isa = PBXTargetDependency;
			target = 94ACEF051997C793003B7244 /* eTIS-Bank */;
			targetProxy = 94ACEF2C1997C793003B7244 /* PBXContainerItemProxy */;
		};
/* End PBXTargetDependency section */

/* Begin PBXVariantGroup section */
		94ACEF121997C793003B7244 /* InfoPlist.strings */ = {
			isa = PBXVariantGroup;
			children = (
				94ACEF131997C793003B7244 /* en */,
			);
			name = InfoPlist.strings;
			sourceTree = "<group>";
		};
		94ACEF1B1997C793003B7244 /* Main.storyboard */ = {
			isa = PBXVariantGroup;
			children = (
				94ACEF1C1997C793003B7244 /* Base */,
			);
			name = Main.storyboard;
			sourceTree = "<group>";
		};
		94ACEF311997C793003B7244 /* InfoPlist.strings */ = {
			isa = PBXVariantGroup;
			children = (
				94ACEF321997C793003B7244 /* en */,
			);
			name = InfoPlist.strings;
			sourceTree = "<group>";
		};
/* End PBXVariantGroup section */

/* Begin XCBuildConfiguration section */
		94ACEF361997C793003B7244 /* Debug */ = {
			isa = XCBuildConfiguration;
			buildSettings = {
				ALWAYS_SEARCH_USER_PATHS = NO;
				CLANG_CXX_LANGUAGE_STANDARD = "gnu++0x";
				CLANG_CXX_LIBRARY = "libc++";
				CLANG_ENABLE_MODULES = YES;
				CLANG_ENABLE_OBJC_ARC = YES;
				CLANG_WARN_BOOL_CONVERSION = YES;
				CLANG_WARN_CONSTANT_CONVERSION = YES;
				CLANG_WARN_DIRECT_OBJC_ISA_USAGE = YES_ERROR;
				CLANG_WARN_EMPTY_BODY = YES;
				CLANG_WARN_ENUM_CONVERSION = YES;
				CLANG_WARN_INT_CONVERSION = YES;
				CLANG_WARN_OBJC_ROOT_CLASS = YES_ERROR;
				CLANG_WARN__DUPLICATE_METHOD_MATCH = YES;
				"CODE_SIGN_IDENTITY[sdk=iphoneos*]" = "iPhone Developer";
				COPY_PHASE_STRIP = NO;
				GCC_C_LANGUAGE_STANDARD = gnu99;
				GCC_DYNAMIC_NO_PIC = NO;
				GCC_OPTIMIZATION_LEVEL = 0;
				GCC_PREPROCESSOR_DEFINITIONS = (
					"DEBUG=1",
					"$(inherited)",
				);
				GCC_SYMBOLS_PRIVATE_EXTERN = NO;
				GCC_WARN_64_TO_32_BIT_CONVERSION = YES;
				GCC_WARN_ABOUT_RETURN_TYPE = YES_ERROR;
				GCC_WARN_UNDECLARED_SELECTOR = YES;
				GCC_WARN_UNINITIALIZED_AUTOS = YES_AGGRESSIVE;
				GCC_WARN_UNUSED_FUNCTION = YES;
				GCC_WARN_UNUSED_VARIABLE = YES;
				IPHONEOS_DEPLOYMENT_TARGET = 7.1;
				ONLY_ACTIVE_ARCH = YES;
				SDKROOT = iphoneos;
			};
			name = Debug;
		};
		94ACEF371997C793003B7244 /* Release */ = {
			isa = XCBuildConfiguration;
			buildSettings = {
				ALWAYS_SEARCH_USER_PATHS = NO;
				CLANG_CXX_LANGUAGE_STANDARD = "gnu++0x";
				CLANG_CXX_LIBRARY = "libc++";
				CLANG_ENABLE_MODULES = YES;
				CLANG_ENABLE_OBJC_ARC = YES;
				CLANG_WARN_BOOL_CONVERSION = YES;
				CLANG_WARN_CONSTANT_CONVERSION = YES;
				CLANG_WARN_DIRECT_OBJC_ISA_USAGE = YES_ERROR;
				CLANG_WARN_EMPTY_BODY = YES;
				CLANG_WARN_ENUM_CONVERSION = YES;
				CLANG_WARN_INT_CONVERSION = YES;
				CLANG_WARN_OBJC_ROOT_CLASS = YES_ERROR;
				CLANG_WARN__DUPLICATE_METHOD_MATCH = YES;
				"CODE_SIGN_IDENTITY[sdk=iphoneos*]" = "iPhone Developer";
				COPY_PHASE_STRIP = YES;
				ENABLE_NS_ASSERTIONS = NO;
				GCC_C_LANGUAGE_STANDARD = gnu99;
				GCC_WARN_64_TO_32_BIT_CONVERSION = YES;
				GCC_WARN_ABOUT_RETURN_TYPE = YES_ERROR;
				GCC_WARN_UNDECLARED_SELECTOR = YES;
				GCC_WARN_UNINITIALIZED_AUTOS = YES_AGGRESSIVE;
				GCC_WARN_UNUSED_FUNCTION = YES;
				GCC_WARN_UNUSED_VARIABLE = YES;
				IPHONEOS_DEPLOYMENT_TARGET = 7.1;
				ONLY_ACTIVE_ARCH = YES;
				SDKROOT = iphoneos;
				VALIDATE_PRODUCT = YES;
			};
			name = Release;
		};
		94ACEF391997C793003B7244 /* Debug */ = {
			isa = XCBuildConfiguration;
			buildSettings = {
				ASSETCATALOG_COMPILER_APPICON_NAME = AppIcon;
				ASSETCATALOG_COMPILER_LAUNCHIMAGE_NAME = LaunchImage;
				CODE_SIGN_IDENTITY = "iPhone Developer";
				FRAMEWORK_SEARCH_PATHS = (
					"$(inherited)",
					"$(PROJECT_DIR)",
				);
				GCC_PRECOMPILE_PREFIX_HEADER = YES;
				GCC_PREFIX_HEADER = "eTIS-Bank/eTIS-Bank-Prefix.pch";
				INFOPLIST_FILE = "eTIS-Bank/eTIS-Bank-Info.plist";
				IPHONEOS_DEPLOYMENT_TARGET = 7.1;
				ONLY_ACTIVE_ARCH = NO;
				PRODUCT_NAME = "$(TARGET_NAME)";
				TARGETED_DEVICE_FAMILY = 1;
				WRAPPER_EXTENSION = app;
			};
			name = Debug;
		};
		94ACEF3A1997C793003B7244 /* Release */ = {
			isa = XCBuildConfiguration;
			buildSettings = {
				ASSETCATALOG_COMPILER_APPICON_NAME = AppIcon;
				ASSETCATALOG_COMPILER_LAUNCHIMAGE_NAME = LaunchImage;
				CODE_SIGN_IDENTITY = "iPhone Developer";
				FRAMEWORK_SEARCH_PATHS = (
					"$(inherited)",
					"$(PROJECT_DIR)",
				);
				GCC_PRECOMPILE_PREFIX_HEADER = YES;
				GCC_PREFIX_HEADER = "eTIS-Bank/eTIS-Bank-Prefix.pch";
				INFOPLIST_FILE = "eTIS-Bank/eTIS-Bank-Info.plist";
				IPHONEOS_DEPLOYMENT_TARGET = 7.1;
				ONLY_ACTIVE_ARCH = NO;
				PRODUCT_NAME = "$(TARGET_NAME)";
				TARGETED_DEVICE_FAMILY = 1;
				WRAPPER_EXTENSION = app;
			};
			name = Release;
		};
		94ACEF3C1997C793003B7244 /* Debug */ = {
			isa = XCBuildConfiguration;
			buildSettings = {
				BUNDLE_LOADER = "$(BUILT_PRODUCTS_DIR)/eTIS-Bank.app/eTIS-Bank";
				FRAMEWORK_SEARCH_PATHS = (
					"$(SDKROOT)/Developer/Library/Frameworks",
					"$(inherited)",
					"$(DEVELOPER_FRAMEWORKS_DIR)",
				);
				GCC_PRECOMPILE_PREFIX_HEADER = YES;
				GCC_PREFIX_HEADER = "eTIS-Bank/eTIS-Bank-Prefix.pch";
				GCC_PREPROCESSOR_DEFINITIONS = (
					"DEBUG=1",
					"$(inherited)",
				);
				INFOPLIST_FILE = "eTIS-BankTests/eTIS-BankTests-Info.plist";
				PRODUCT_NAME = "$(TARGET_NAME)";
				TEST_HOST = "$(BUNDLE_LOADER)";
				WRAPPER_EXTENSION = xctest;
			};
			name = Debug;
		};
		94ACEF3D1997C793003B7244 /* Release */ = {
			isa = XCBuildConfiguration;
			buildSettings = {
				BUNDLE_LOADER = "$(BUILT_PRODUCTS_DIR)/eTIS-Bank.app/eTIS-Bank";
				FRAMEWORK_SEARCH_PATHS = (
					"$(SDKROOT)/Developer/Library/Frameworks",
					"$(inherited)",
					"$(DEVELOPER_FRAMEWORKS_DIR)",
				);
				GCC_PRECOMPILE_PREFIX_HEADER = YES;
				GCC_PREFIX_HEADER = "eTIS-Bank/eTIS-Bank-Prefix.pch";
				INFOPLIST_FILE = "eTIS-BankTests/eTIS-BankTests-Info.plist";
				PRODUCT_NAME = "$(TARGET_NAME)";
				TEST_HOST = "$(BUNDLE_LOADER)";
				WRAPPER_EXTENSION = xctest;
			};
			name = Release;
		};
/* End XCBuildConfiguration section */

/* Begin XCConfigurationList section */
		94ACEF011997C793003B7244 /* Build configuration list for PBXProject "eTIS-Bank" */ = {
			isa = XCConfigurationList;
			buildConfigurations = (
				94ACEF361997C793003B7244 /* Debug */,
				94ACEF371997C793003B7244 /* Release */,
			);
			defaultConfigurationIsVisible = 0;
			defaultConfigurationName = Release;
		};
		94ACEF381997C793003B7244 /* Build configuration list for PBXNativeTarget "eTIS-Bank" */ = {
			isa = XCConfigurationList;
			buildConfigurations = (
				94ACEF391997C793003B7244 /* Debug */,
				94ACEF3A1997C793003B7244 /* Release */,
			);
			defaultConfigurationIsVisible = 0;
			defaultConfigurationName = Release;
		};
		94ACEF3B1997C793003B7244 /* Build configuration list for PBXNativeTarget "eTIS-BankTests" */ = {
			isa = XCConfigurationList;
			buildConfigurations = (
				94ACEF3C1997C793003B7244 /* Debug */,
				94ACEF3D1997C793003B7244 /* Release */,
			);
			defaultConfigurationIsVisible = 0;
			defaultConfigurationName = Release;
		};
/* End XCConfigurationList section */
	};
	rootObject = 94ACEEFE1997C793003B7244 /* Project object */;
}
